
Microsoft Visual Studio Solution File, Format Version 12.00
# Visual Studio Version 16
VisualStudioVersion = 16.0.33328.57
MinimumVisualStudioVersion = 10.0.40219.1
Project("{FAE04EC0-301F-11D3-BF4B-00C04F79EFBC}") = "WindowsFormsmaster", "WindowsFormsmaster\WindowsFormsmaster.csproj", "{C3624A1E-2139-4168-9067-4FEBC3737A0C}"
EndProject
Global
	GlobalSection(SolutionConfigurationPlatforms) = preSolution
		Debug|Any CPU = Debug|Any CPU
		Release|Any CPU = Release|Any CPU
	EndGlobalSection
	GlobalSection(ProjectConfigurationPlatforms) = postSolution
		{C3624A1E-2139-4168-9067-4FEBC3737A0C}.Debug|Any CPU.ActiveCfg = Debug|Any CPU
		{C3624A1E-2139-4168-9067-4FEBC3737A0C}.Debug|Any CPU.Build.0 = Debug|Any CPU
		{C3624A1E-2139-4168-9067-4FEBC3737A0C}.Release|Any CPU.ActiveCfg = Release|Any CPU
		{C3624A1E-2139-4168-9067-4FEBC3737A0C}.Release|Any CPU.Build.0 = Release|Any CPU
	EndGlobalSection
	GlobalSection(SolutionProperties) = preSolution
		HideSolutionNode = FALSE
	EndGlobalSection
	GlobalSection(ExtensibilityGlobals) = postSolution
		SolutionGuid = {2CF28673-22E7-425B-B1B0-84D818B68731}
	EndGlobalSection
EndGlobal
